
Microsoft Visual Studio Solution File, Format Version 12.00
# Visual Studio 2012
Project("{8BC9CEB8-8B4A-11D0-8D11-00A0C91BC942}") = "asm", "asm\asm.vcxproj", "{C489CA09-07B2-4C15-8364-847E44D664AE}"
EndProject
Global
	GlobalSection(SolutionConfigurationPlatforms) = preSolution
		Debug|Win32 = Debug|Win32
		Release|Win32 = Release|Win32
	EndGlobalSection
	GlobalSection(ProjectConfigurationPlatforms) = postSolution
		{C489CA09-07B2-4C15-8364-847E44D664AE}.Debug|Win32.ActiveCfg = Debug|Win32
		{C489CA09-07B2-4C15-8364-847E44D664AE}.Debug|Win32.Build.0 = Debug|Win32
		{C489CA09-07B2-4C15-8364-847E44D664AE}.Release|Win32.ActiveCfg = Release|Win32
		{C489CA09-07B2-4C15-8364-847E44D664AE}.Release|Win32.Build.0 = Release|Win32
	EndGlobalSection
	GlobalSection(SolutionProperties) = preSolution
		HideSolutionNode = FALSE
	EndGlobalSection
EndGlobal
